
Microsoft Visual Studio Solution File, Format Version 12.00
# Visual Studio Version 16
VisualStudioVersion = 16.0.29509.3
MinimumVisualStudioVersion = 10.0.40219.1
Project("{FAE04EC0-301F-11D3-BF4B-00C04F79EFBC}") = "GamesAPiClient", "GamesAPiClient\GamesAPiClient.csproj", "{B408111F-DAA5-4F25-9415-E4142B74596D}"
EndProject
Global
	GlobalSection(SolutionConfigurationPlatforms) = preSolution
		Debug|Any CPU = Debug|Any CPU
		Release|Any CPU = Release|Any CPU
	EndGlobalSection
	GlobalSection(ProjectConfigurationPlatforms) = postSolution
		{B408111F-DAA5-4F25-9415-E4142B74596D}.Debug|Any CPU.ActiveCfg = Debug|Any CPU
		{B408111F-DAA5-4F25-9415-E4142B74596D}.Debug|Any CPU.Build.0 = Debug|Any CPU
		{B408111F-DAA5-4F25-9415-E4142B74596D}.Release|Any CPU.ActiveCfg = Release|Any CPU
		{B408111F-DAA5-4F25-9415-E4142B74596D}.Release|Any CPU.Build.0 = Release|Any CPU
	EndGlobalSection
	GlobalSection(SolutionProperties) = preSolution
		HideSolutionNode = FALSE
	EndGlobalSection
	GlobalSection(ExtensibilityGlobals) = postSolution
		SolutionGuid = {0A1367D4-4BC1-4CCB-AE46-8C691BFAEC67}
	EndGlobalSection
EndGlobal
